
Microsoft Visual Studio Solution File, Format Version 11.00
# Visual Studio 2010
Project("{FAE04EC0-301F-11D3-BF4B-00C04F79EFBC}") = "PhalanxCommon", "PhalanxCommon\PhalanxCommon.csproj", "{4C3E1F32-C92A-44D4-B8DF-3259B1B8B705}"
EndProject
Project("{FAE04EC0-301F-11D3-BF4B-00C04F79EFBC}") = "phxCryptMgr", "phxCryptMgr\phxCryptMgr.csproj", "{F0941A5C-7856-42E9-9544-CDAC11F3C285}"
EndProject
Project("{FAE04EC0-301F-11D3-BF4B-00C04F79EFBC}") = "phxBlowfish", "phxBlowfish\phxBlowfish.csproj", "{78D7CC00-F303-476C-A329-0B25856A0B07}"
EndProject
Project("{FAE04EC0-301F-11D3-BF4B-00C04F79EFBC}") = "PhalanxConfig", "PhalanxConfig\PhalanxConfig.csproj", "{FEE92345-C680-4986-AC1A-46C2D4712929}"
EndProject
Project("{FAE04EC0-301F-11D3-BF4B-00C04F79EFBC}") = "PhalanxDAL", "PhalanxDAL\PhalanxDAL\PhalanxDAL.csproj", "{3447B917-0A54-460E-AB95-84BBF24BAF35}"
EndProject
Project("{FAE04EC0-301F-11D3-BF4B-00C04F79EFBC}") = "phxLog", "phxLog\phxLog.csproj", "{E8F94161-3F1A-4491-92B4-9AE6777DF183}"
EndProject
Project("{FAE04EC0-301F-11D3-BF4B-00C04F79EFBC}") = "PhalanxNAL", "PhalanxNAL\PhalanxNAL.csproj", "{D31089F5-A197-4808-B865-C7062DA477AB}"
EndProject
Project("{FAE04EC0-301F-11D3-BF4B-00C04F79EFBC}") = "PhalanxMAL", "PhalanxMAL\PhalanxMAL.csproj", "{4CFFA156-7992-4D21-ABDC-056C31F2AA51}"
EndProject
Project("{FAE04EC0-301F-11D3-BF4B-00C04F79EFBC}") = "PhalanxAdmin", "PhalanxAdmin\PhalanxAdmin.csproj", "{352BB670-458F-41CC-BFA1-FCE10C91E502}"
EndProject
Project("{FAE04EC0-301F-11D3-BF4B-00C04F79EFBC}") = "PhalanxBL", "PhalanxBL\PhalanxBL.csproj", "{515C8382-4032-4840-A587-9725F9F6FD19}"
EndProject
Project("{FAE04EC0-301F-11D3-BF4B-00C04F79EFBC}") = "NDCCommon", "NDCCommon\NDCCommon.csproj", "{3744DE9E-912E-4A88-8897-73FFF9C8DD48}"
EndProject
Project("{FAE04EC0-301F-11D3-BF4B-00C04F79EFBC}") = "Common", "Common\Common.csproj", "{66EAFA01-8DD4-4B02-8BB3-716A216844C4}"
EndProject
Project("{FAE04EC0-301F-11D3-BF4B-00C04F79EFBC}") = "NDCDAL", "NDCDAL\NDCDAL.csproj", "{C9E3767E-ADE2-4B50-AED1-47FC226CD539}"
EndProject
Project("{FAE04EC0-301F-11D3-BF4B-00C04F79EFBC}") = "NDCBL", "NDCBL\NDCBL.csproj", "{B3B9B7E1-EAF0-4AD4-9C99-BC0CF980840F}"
EndProject
Project("{2150E333-8FDC-42A3-9474-1A3956D46DE8}") = "Web", "Web", "{379FA69B-6AF9-42A3-9B62-5759C915798D}"
EndProject
Project("{FAE04EC0-301F-11D3-BF4B-00C04F79EFBC}") = "TestWSInterfaceClaves", "TestWSInterfaceClaves\TestWSInterfaceClaves.csproj", "{0404619A-D715-4BDC-BA21-64A7C52AEC55}"
EndProject
Project("{E24C65DC-7377-472B-9ABA-BC803B73C61A}") = "WSInterfaceClaves", "http://localhost/WSInterfaceClaves", "{031D3AB6-F5E1-442A-A385-E21579757AAC}"
	ProjectSection(WebsiteProperties) = preProject
		UseIISExpress = "false"
		TargetFrameworkMoniker = ".NETFramework,Version%3Dv2.0"
		ProjectReferences = "{B3B9B7E1-EAF0-4AD4-9C99-BC0CF980840F}|NDCBL.dll;{66EAFA01-8DD4-4B02-8BB3-716A216844C4}|Common.dll;{3744DE9E-912E-4A88-8897-73FFF9C8DD48}|NDCCommon.dll;{C9E3767E-ADE2-4B50-AED1-47FC226CD539}|NDCDAL.dll;{3447B917-0A54-460E-AB95-84BBF24BAF35}|PhalanxDAL.dll;{4C3E1F32-C92A-44D4-B8DF-3259B1B8B705}|PhalanxCommon.dll;{F0941A5C-7856-42E9-9544-CDAC11F3C285}|phxCryptMgr.dll;{78D7CC00-F303-476C-A329-0B25856A0B07}|phxBlowfish.dll;{E8F94161-3F1A-4491-92B4-9AE6777DF183}|phxLog.dll;{515C8382-4032-4840-A587-9725F9F6FD19}|PhalanxBL.dll;{4CFFA156-7992-4D21-ABDC-056C31F2AA51}|PhalanxMAL.dll;{D31089F5-A197-4808-B865-C7062DA477AB}|PhalanxNAL.dll;{48FE55B4-5F8F-42C5-9BED-A2473681B8B4}|PhxPing.dll;"
		Debug.AspNetCompiler.VirtualPath = "/WSInterfaceClaves"
		Debug.AspNetCompiler.PhysicalPath = "Web\WSInterfaceClaves\"
		Debug.AspNetCompiler.TargetPath = "PrecompiledWeb\WSInterfaceClaves\"
		Debug.AspNetCompiler.Updateable = "true"
		Debug.AspNetCompiler.ForceOverwrite = "true"
		Debug.AspNetCompiler.FixedNames = "false"
		Debug.AspNetCompiler.Debug = "True"
		Release.AspNetCompiler.VirtualPath = "/WSInterfaceClaves"
		Release.AspNetCompiler.PhysicalPath = "Web\WSInterfaceClaves\"
		Release.AspNetCompiler.TargetPath = "PrecompiledWeb\WSInterfaceClaves\"
		Release.AspNetCompiler.Updateable = "true"
		Release.AspNetCompiler.ForceOverwrite = "true"
		Release.AspNetCompiler.FixedNames = "false"
		Release.AspNetCompiler.Debug = "False"
		SlnRelativePath = "Web\WSInterfaceClaves\"
	EndProjectSection
EndProject
Project("{E24C65DC-7377-472B-9ABA-BC803B73C61A}") = "NotifClaves", "http://localhost/NotifClaves", "{275FE192-FEE1-42E0-9828-D057C42469FA}"
	ProjectSection(WebsiteProperties) = preProject
		UseIISExpress = "false"
		TargetFrameworkMoniker = ".NETFramework,Version%3Dv2.0"
		ProjectReferences = "{3447B917-0A54-460E-AB95-84BBF24BAF35}|PhalanxDAL.dll;{4C3E1F32-C92A-44D4-B8DF-3259B1B8B705}|PhalanxCommon.dll;{F0941A5C-7856-42E9-9544-CDAC11F3C285}|phxCryptMgr.dll;{78D7CC00-F303-476C-A329-0B25856A0B07}|phxBlowfish.dll;{E8F94161-3F1A-4491-92B4-9AE6777DF183}|phxLog.dll;{B3B9B7E1-EAF0-4AD4-9C99-BC0CF980840F}|NDCBL.dll;{66EAFA01-8DD4-4B02-8BB3-716A216844C4}|Common.dll;{3744DE9E-912E-4A88-8897-73FFF9C8DD48}|NDCCommon.dll;{C9E3767E-ADE2-4B50-AED1-47FC226CD539}|NDCDAL.dll;{515C8382-4032-4840-A587-9725F9F6FD19}|PhalanxBL.dll;{4CFFA156-7992-4D21-ABDC-056C31F2AA51}|PhalanxMAL.dll;{D31089F5-A197-4808-B865-C7062DA477AB}|PhalanxNAL.dll;{48FE55B4-5F8F-42C5-9BED-A2473681B8B4}|PhxPing.dll;"
		Debug.AspNetCompiler.VirtualPath = "/NotifClaves"
		Debug.AspNetCompiler.PhysicalPath = "Web\NotifClaves\"
		Debug.AspNetCompiler.TargetPath = "PrecompiledWeb\NotifClaves\"
		Debug.AspNetCompiler.Updateable = "true"
		Debug.AspNetCompiler.ForceOverwrite = "true"
		Debug.AspNetCompiler.FixedNames = "false"
		Debug.AspNetCompiler.Debug = "True"
		Release.AspNetCompiler.VirtualPath = "/NotifClaves"
		Release.AspNetCompiler.PhysicalPath = "Web\NotifClaves\"
		Release.AspNetCompiler.TargetPath = "PrecompiledWeb\NotifClaves\"
		Release.AspNetCompiler.Updateable = "true"
		Release.AspNetCompiler.ForceOverwrite = "true"
		Release.AspNetCompiler.FixedNames = "false"
		Release.AspNetCompiler.Debug = "False"
		SlnRelativePath = "Web\NotifClaves\"
	EndProjectSection
EndProject
Project("{E24C65DC-7377-472B-9ABA-BC803B73C61A}") = "AutoGestionCOBIS", "http://localhost/AutoGestionCOBIS", "{455F6356-D8AC-430E-BD72-B361C762846B}"
	ProjectSection(WebsiteProperties) = preProject
		UseIISExpress = "false"
		TargetFrameworkMoniker = ".NETFramework,Version%3Dv2.0"
		Debug.AspNetCompiler.VirtualPath = "/AutoGestionCOBIS"
		Debug.AspNetCompiler.PhysicalPath = "Web\AutoGestionCOBIS\"
		Debug.AspNetCompiler.TargetPath = "PrecompiledWeb\AutoGestionCOBIS\"
		Debug.AspNetCompiler.Updateable = "true"
		Debug.AspNetCompiler.ForceOverwrite = "true"
		Debug.AspNetCompiler.FixedNames = "false"
		Debug.AspNetCompiler.Debug = "True"
		Release.AspNetCompiler.VirtualPath = "/AutoGestionCOBIS"
		Release.AspNetCompiler.PhysicalPath = "Web\AutoGestionCOBIS\"
		Release.AspNetCompiler.TargetPath = "PrecompiledWeb\AutoGestionCOBIS\"
		Release.AspNetCompiler.Updateable = "true"
		Release.AspNetCompiler.ForceOverwrite = "true"
		Release.AspNetCompiler.FixedNames = "false"
		Release.AspNetCompiler.Debug = "False"
		SlnRelativePath = "Web\AutoGestionCOBIS\"
	EndProjectSection
EndProject
Project("{E24C65DC-7377-472B-9ABA-BC803B73C61A}") = "phalanx", "http://localhost/phalanx", "{17E9CA5F-D855-493D-97ED-00CA4B6A2331}"
	ProjectSection(WebsiteProperties) = preProject
		SccProjectName = ""
		SccAuxPath = ""
		SccLocalPath = ""
		SccProvider = ""
		UseIISExpress = "false"
		TargetFrameworkMoniker = ".NETFramework,Version%3Dv2.0"
		Debug.AspNetCompiler.VirtualPath = "/phalanx"
		Debug.AspNetCompiler.PhysicalPath = "Web\phalanx\"
		Debug.AspNetCompiler.TargetPath = "PrecompiledWeb\phalanx\"
		Debug.AspNetCompiler.Updateable = "true"
		Debug.AspNetCompiler.ForceOverwrite = "true"
		Debug.AspNetCompiler.FixedNames = "false"
		Debug.AspNetCompiler.Debug = "True"
		Release.AspNetCompiler.VirtualPath = "/phalanx"
		Release.AspNetCompiler.PhysicalPath = "Web\phalanx\"
		Release.AspNetCompiler.TargetPath = "PrecompiledWeb\phalanx\"
		Release.AspNetCompiler.Updateable = "true"
		Release.AspNetCompiler.ForceOverwrite = "true"
		Release.AspNetCompiler.FixedNames = "false"
		Release.AspNetCompiler.Debug = "False"
		SlnRelativePath = "Web\phalanx\"
	EndProjectSection
EndProject
Project("{2150E333-8FDC-42A3-9474-1A3956D46DE8}") = "Installers", "Installers", "{2211250C-B49C-4EE6-9E0C-B78A6CF40830}"
EndProject
Project("{54435603-DBB4-11D2-8724-00A0C9A8B90C}") = "Phalanx Admin", "Installers\Phalanx Admin\Phalanx Admin.vdproj", "{32E46A22-43D0-4154-B695-945564855500}"
EndProject
Project("{FAE04EC0-301F-11D3-BF4B-00C04F79EFBC}") = "PhxPing", "PhxPing\PhxPing.csproj", "{48FE55B4-5F8F-42C5-9BED-A2473681B8B4}"
EndProject
Global
	GlobalSection(SolutionConfigurationPlatforms) = preSolution
		App Debug|Any CPU = App Debug|Any CPU
		AutCOBIS Release|Any CPU = AutCOBIS Release|Any CPU
		DbgAutCOBIS|Any CPU = DbgAutCOBIS|Any CPU
		Debug|Any CPU = Debug|Any CPU
		Release|Any CPU = Release|Any CPU
		Remote WS Test|Any CPU = Remote WS Test|Any CPU
		Web Debug|Any CPU = Web Debug|Any CPU
		WS Test|Any CPU = WS Test|Any CPU
	EndGlobalSection
	GlobalSection(ProjectConfigurationPlatforms) = postSolution
		{4C3E1F32-C92A-44D4-B8DF-3259B1B8B705}.App Debug|Any CPU.ActiveCfg = App Debug|Any CPU
		{4C3E1F32-C92A-44D4-B8DF-3259B1B8B705}.App Debug|Any CPU.Build.0 = App Debug|Any CPU
		{4C3E1F32-C92A-44D4-B8DF-3259B1B8B705}.AutCOBIS Release|Any CPU.ActiveCfg = AutCOBIS Release|Any CPU
		{4C3E1F32-C92A-44D4-B8DF-3259B1B8B705}.AutCOBIS Release|Any CPU.Build.0 = AutCOBIS Release|Any CPU
		{4C3E1F32-C92A-44D4-B8DF-3259B1B8B705}.DbgAutCOBIS|Any CPU.ActiveCfg = DbgAutCOBIS|Any CPU
		{4C3E1F32-C92A-44D4-B8DF-3259B1B8B705}.DbgAutCOBIS|Any CPU.Build.0 = DbgAutCOBIS|Any CPU
		{4C3E1F32-C92A-44D4-B8DF-3259B1B8B705}.Debug|Any CPU.ActiveCfg = Debug|Any CPU
		{4C3E1F32-C92A-44D4-B8DF-3259B1B8B705}.Debug|Any CPU.Build.0 = Debug|Any CPU
		{4C3E1F32-C92A-44D4-B8DF-3259B1B8B705}.Release|Any CPU.ActiveCfg = Release|Any CPU
		{4C3E1F32-C92A-44D4-B8DF-3259B1B8B705}.Release|Any CPU.Build.0 = Release|Any CPU
		{4C3E1F32-C92A-44D4-B8DF-3259B1B8B705}.Remote WS Test|Any CPU.ActiveCfg = Remote WS Test|Any CPU
		{4C3E1F32-C92A-44D4-B8DF-3259B1B8B705}.Remote WS Test|Any CPU.Build.0 = Remote WS Test|Any CPU
		{4C3E1F32-C92A-44D4-B8DF-3259B1B8B705}.Web Debug|Any CPU.ActiveCfg = Web Debug|Any CPU
		{4C3E1F32-C92A-44D4-B8DF-3259B1B8B705}.Web Debug|Any CPU.Build.0 = Web Debug|Any CPU
		{4C3E1F32-C92A-44D4-B8DF-3259B1B8B705}.WS Test|Any CPU.ActiveCfg = WS Test|Any CPU
		{4C3E1F32-C92A-44D4-B8DF-3259B1B8B705}.WS Test|Any CPU.Build.0 = WS Test|Any CPU
		{F0941A5C-7856-42E9-9544-CDAC11F3C285}.App Debug|Any CPU.ActiveCfg = App Debug|Any CPU
		{F0941A5C-7856-42E9-9544-CDAC11F3C285}.App Debug|Any CPU.Build.0 = App Debug|Any CPU
		{F0941A5C-7856-42E9-9544-CDAC11F3C285}.AutCOBIS Release|Any CPU.ActiveCfg = AutCOBIS Release|Any CPU
		{F0941A5C-7856-42E9-9544-CDAC11F3C285}.AutCOBIS Release|Any CPU.Build.0 = AutCOBIS Release|Any CPU
		{F0941A5C-7856-42E9-9544-CDAC11F3C285}.DbgAutCOBIS|Any CPU.ActiveCfg = DbgAutCOBIS|Any CPU
		{F0941A5C-7856-42E9-9544-CDAC11F3C285}.DbgAutCOBIS|Any CPU.Build.0 = DbgAutCOBIS|Any CPU
		{F0941A5C-7856-42E9-9544-CDAC11F3C285}.Debug|Any CPU.ActiveCfg = Debug|Any CPU
		{F0941A5C-7856-42E9-9544-CDAC11F3C285}.Debug|Any CPU.Build.0 = Debug|Any CPU
		{F0941A5C-7856-42E9-9544-CDAC11F3C285}.Release|Any CPU.ActiveCfg = Release|Any CPU
		{F0941A5C-7856-42E9-9544-CDAC11F3C285}.Release|Any CPU.Build.0 = Release|Any CPU
		{F0941A5C-7856-42E9-9544-CDAC11F3C285}.Remote WS Test|Any CPU.ActiveCfg = Remote WS Test|Any CPU
		{F0941A5C-7856-42E9-9544-CDAC11F3C285}.Remote WS Test|Any CPU.Build.0 = Remote WS Test|Any CPU
		{F0941A5C-7856-42E9-9544-CDAC11F3C285}.Web Debug|Any CPU.ActiveCfg = Web Debug|Any CPU
		{F0941A5C-7856-42E9-9544-CDAC11F3C285}.Web Debug|Any CPU.Build.0 = Web Debug|Any CPU
		{F0941A5C-7856-42E9-9544-CDAC11F3C285}.WS Test|Any CPU.ActiveCfg = WS Test|Any CPU
		{F0941A5C-7856-42E9-9544-CDAC11F3C285}.WS Test|Any CPU.Build.0 = WS Test|Any CPU
		{78D7CC00-F303-476C-A329-0B25856A0B07}.App Debug|Any CPU.ActiveCfg = App Debug|Any CPU
		{78D7CC00-F303-476C-A329-0B25856A0B07}.App Debug|Any CPU.Build.0 = App Debug|Any CPU
		{78D7CC00-F303-476C-A329-0B25856A0B07}.AutCOBIS Release|Any CPU.ActiveCfg = AutCOBIS Release|Any CPU
		{78D7CC00-F303-476C-A329-0B25856A0B07}.AutCOBIS Release|Any CPU.Build.0 = AutCOBIS Release|Any CPU
		{78D7CC00-F303-476C-A329-0B25856A0B07}.DbgAutCOBIS|Any CPU.ActiveCfg = DbgAutCOBIS|Any CPU
		{78D7CC00-F303-476C-A329-0B25856A0B07}.DbgAutCOBIS|Any CPU.Build.0 = DbgAutCOBIS|Any CPU
		{78D7CC00-F303-476C-A329-0B25856A0B07}.Debug|Any CPU.ActiveCfg = Debug|Any CPU
		{78D7CC00-F303-476C-A329-0B25856A0B07}.Debug|Any CPU.Build.0 = Debug|Any CPU
		{78D7CC00-F303-476C-A329-0B25856A0B07}.Release|Any CPU.ActiveCfg = Release|Any CPU
		{78D7CC00-F303-476C-A329-0B25856A0B07}.Release|Any CPU.Build.0 = Release|Any CPU
		{78D7CC00-F303-476C-A329-0B25856A0B07}.Remote WS Test|Any CPU.ActiveCfg = Remote WS Test|Any CPU
		{78D7CC00-F303-476C-A329-0B25856A0B07}.Remote WS Test|Any CPU.Build.0 = Remote WS Test|Any CPU
		{78D7CC00-F303-476C-A329-0B25856A0B07}.Web Debug|Any CPU.ActiveCfg = Web Debug|Any CPU
		{78D7CC00-F303-476C-A329-0B25856A0B07}.Web Debug|Any CPU.Build.0 = Web Debug|Any CPU
		{78D7CC00-F303-476C-A329-0B25856A0B07}.WS Test|Any CPU.ActiveCfg = WS Test|Any CPU
		{78D7CC00-F303-476C-A329-0B25856A0B07}.WS Test|Any CPU.Build.0 = WS Test|Any CPU
		{FEE92345-C680-4986-AC1A-46C2D4712929}.App Debug|Any CPU.ActiveCfg = App Debug|Any CPU
		{FEE92345-C680-4986-AC1A-46C2D4712929}.App Debug|Any CPU.Build.0 = App Debug|Any CPU
		{FEE92345-C680-4986-AC1A-46C2D4712929}.AutCOBIS Release|Any CPU.ActiveCfg = AutCOBIS Release|Any CPU
		{FEE92345-C680-4986-AC1A-46C2D4712929}.AutCOBIS Release|Any CPU.Build.0 = AutCOBIS Release|Any CPU
		{FEE92345-C680-4986-AC1A-46C2D4712929}.DbgAutCOBIS|Any CPU.ActiveCfg = DbgAutCOBIS|Any CPU
		{FEE92345-C680-4986-AC1A-46C2D4712929}.DbgAutCOBIS|Any CPU.Build.0 = DbgAutCOBIS|Any CPU
		{FEE92345-C680-4986-AC1A-46C2D4712929}.Debug|Any CPU.ActiveCfg = Debug|Any CPU
		{FEE92345-C680-4986-AC1A-46C2D4712929}.Debug|Any CPU.Build.0 = Debug|Any CPU
		{FEE92345-C680-4986-AC1A-46C2D4712929}.Release|Any CPU.ActiveCfg = Release|Any CPU
		{FEE92345-C680-4986-AC1A-46C2D4712929}.Release|Any CPU.Build.0 = Release|Any CPU
		{FEE92345-C680-4986-AC1A-46C2D4712929}.Remote WS Test|Any CPU.ActiveCfg = Remote WS Test|Any CPU
		{FEE92345-C680-4986-AC1A-46C2D4712929}.Web Debug|Any CPU.ActiveCfg = Web Debug|Any CPU
		{FEE92345-C680-4986-AC1A-46C2D4712929}.Web Debug|Any CPU.Build.0 = Web Debug|Any CPU
		{FEE92345-C680-4986-AC1A-46C2D4712929}.WS Test|Any CPU.ActiveCfg = WS Test|Any CPU
		{FEE92345-C680-4986-AC1A-46C2D4712929}.WS Test|Any CPU.Build.0 = WS Test|Any CPU
		{3447B917-0A54-460E-AB95-84BBF24BAF35}.App Debug|Any CPU.ActiveCfg = App Debug|Any CPU
		{3447B917-0A54-460E-AB95-84BBF24BAF35}.App Debug|Any CPU.Build.0 = App Debug|Any CPU
		{3447B917-0A54-460E-AB95-84BBF24BAF35}.AutCOBIS Release|Any CPU.ActiveCfg = AutCOBIS Release|Any CPU
		{3447B917-0A54-460E-AB95-84BBF24BAF35}.AutCOBIS Release|Any CPU.Build.0 = AutCOBIS Release|Any CPU
		{3447B917-0A54-460E-AB95-84BBF24BAF35}.DbgAutCOBIS|Any CPU.ActiveCfg = DbgAutCOBIS|Any CPU
		{3447B917-0A54-460E-AB95-84BBF24BAF35}.DbgAutCOBIS|Any CPU.Build.0 = DbgAutCOBIS|Any CPU
		{3447B917-0A54-460E-AB95-84BBF24BAF35}.Debug|Any CPU.ActiveCfg = Debug|Any CPU
		{3447B917-0A54-460E-AB95-84BBF24BAF35}.Debug|Any CPU.Build.0 = Debug|Any CPU
		{3447B917-0A54-460E-AB95-84BBF24BAF35}.Release|Any CPU.ActiveCfg = Release|Any CPU
		{3447B917-0A54-460E-AB95-84BBF24BAF35}.Release|Any CPU.Build.0 = Release|Any CPU
		{3447B917-0A54-460E-AB95-84BBF24BAF35}.Remote WS Test|Any CPU.ActiveCfg = Remote WS Test|Any CPU
		{3447B917-0A54-460E-AB95-84BBF24BAF35}.Remote WS Test|Any CPU.Build.0 = Remote WS Test|Any CPU
		{3447B917-0A54-460E-AB95-84BBF24BAF35}.Web Debug|Any CPU.ActiveCfg = Web Debug|Any CPU
		{3447B917-0A54-460E-AB95-84BBF24BAF35}.Web Debug|Any CPU.Build.0 = Web Debug|Any CPU
		{3447B917-0A54-460E-AB95-84BBF24BAF35}.WS Test|Any CPU.ActiveCfg = WS Test|Any CPU
		{3447B917-0A54-460E-AB95-84BBF24BAF35}.WS Test|Any CPU.Build.0 = WS Test|Any CPU
		{E8F94161-3F1A-4491-92B4-9AE6777DF183}.App Debug|Any CPU.ActiveCfg = App Debug|Any CPU
		{E8F94161-3F1A-4491-92B4-9AE6777DF183}.App Debug|Any CPU.Build.0 = App Debug|Any CPU
		{E8F94161-3F1A-4491-92B4-9AE6777DF183}.AutCOBIS Release|Any CPU.ActiveCfg = AutCOBIS Release|Any CPU
		{E8F94161-3F1A-4491-92B4-9AE6777DF183}.AutCOBIS Release|Any CPU.Build.0 = AutCOBIS Release|Any CPU
		{E8F94161-3F1A-4491-92B4-9AE6777DF183}.DbgAutCOBIS|Any CPU.ActiveCfg = DbgAutCOBIS|Any CPU
		{E8F94161-3F1A-4491-92B4-9AE6777DF183}.DbgAutCOBIS|Any CPU.Build.0 = DbgAutCOBIS|Any CPU
		{E8F94161-3F1A-4491-92B4-9AE6777DF183}.Debug|Any CPU.ActiveCfg = Debug|Any CPU
		{E8F94161-3F1A-4491-92B4-9AE6777DF183}.Debug|Any CPU.Build.0 = Debug|Any CPU
		{E8F94161-3F1A-4491-92B4-9AE6777DF183}.Release|Any CPU.ActiveCfg = Release|Any CPU
		{E8F94161-3F1A-4491-92B4-9AE6777DF183}.Release|Any CPU.Build.0 = Release|Any CPU
		{E8F94161-3F1A-4491-92B4-9AE6777DF183}.Remote WS Test|Any CPU.ActiveCfg = Remote WS Test|Any CPU
		{E8F94161-3F1A-4491-92B4-9AE6777DF183}.Remote WS Test|Any CPU.Build.0 = Remote WS Test|Any CPU
		{E8F94161-3F1A-4491-92B4-9AE6777DF183}.Web Debug|Any CPU.ActiveCfg = Web Debug|Any CPU
		{E8F94161-3F1A-4491-92B4-9AE6777DF183}.Web Debug|Any CPU.Build.0 = Web Debug|Any CPU
		{E8F94161-3F1A-4491-92B4-9AE6777DF183}.WS Test|Any CPU.ActiveCfg = WS Test|Any CPU
		{E8F94161-3F1A-4491-92B4-9AE6777DF183}.WS Test|Any CPU.Build.0 = WS Test|Any CPU
		{D31089F5-A197-4808-B865-C7062DA477AB}.App Debug|Any CPU.ActiveCfg = App Debug|Any CPU
		{D31089F5-A197-4808-B865-C7062DA477AB}.App Debug|Any CPU.Build.0 = App Debug|Any CPU
		{D31089F5-A197-4808-B865-C7062DA477AB}.AutCOBIS Release|Any CPU.ActiveCfg = AutCOBIS Release|Any CPU
		{D31089F5-A197-4808-B865-C7062DA477AB}.AutCOBIS Release|Any CPU.Build.0 = AutCOBIS Release|Any CPU
		{D31089F5-A197-4808-B865-C7062DA477AB}.DbgAutCOBIS|Any CPU.ActiveCfg = DbgAutCOBIS|Any CPU
		{D31089F5-A197-4808-B865-C7062DA477AB}.DbgAutCOBIS|Any CPU.Build.0 = DbgAutCOBIS|Any CPU
		{D31089F5-A197-4808-B865-C7062DA477AB}.Debug|Any CPU.ActiveCfg = Debug|Any CPU
		{D31089F5-A197-4808-B865-C7062DA477AB}.Debug|Any CPU.Build.0 = Debug|Any CPU
		{D31089F5-A197-4808-B865-C7062DA477AB}.Release|Any CPU.ActiveCfg = Release|Any CPU
		{D31089F5-A197-4808-B865-C7062DA477AB}.Release|Any CPU.Build.0 = Release|Any CPU
		{D31089F5-A197-4808-B865-C7062DA477AB}.Remote WS Test|Any CPU.ActiveCfg = Remote WS Test|Any CPU
		{D31089F5-A197-4808-B865-C7062DA477AB}.Web Debug|Any CPU.ActiveCfg = Web Debug|Any CPU
		{D31089F5-A197-4808-B865-C7062DA477AB}.Web Debug|Any CPU.Build.0 = Web Debug|Any CPU
		{D31089F5-A197-4808-B865-C7062DA477AB}.WS Test|Any CPU.ActiveCfg = WS Test|Any CPU
		{D31089F5-A197-4808-B865-C7062DA477AB}.WS Test|Any CPU.Build.0 = WS Test|Any CPU
		{4CFFA156-7992-4D21-ABDC-056C31F2AA51}.App Debug|Any CPU.ActiveCfg = App Debug|Any CPU
		{4CFFA156-7992-4D21-ABDC-056C31F2AA51}.App Debug|Any CPU.Build.0 = App Debug|Any CPU
		{4CFFA156-7992-4D21-ABDC-056C31F2AA51}.AutCOBIS Release|Any CPU.ActiveCfg = AutCOBIS Release|Any CPU
		{4CFFA156-7992-4D21-ABDC-056C31F2AA51}.AutCOBIS Release|Any CPU.Build.0 = AutCOBIS Release|Any CPU
		{4CFFA156-7992-4D21-ABDC-056C31F2AA51}.DbgAutCOBIS|Any CPU.ActiveCfg = DbgAutCOBIS|Any CPU
		{4CFFA156-7992-4D21-ABDC-056C31F2AA51}.DbgAutCOBIS|Any CPU.Build.0 = DbgAutCOBIS|Any CPU
		{4CFFA156-7992-4D21-ABDC-056C31F2AA51}.Debug|Any CPU.ActiveCfg = Debug|Any CPU
		{4CFFA156-7992-4D21-ABDC-056C31F2AA51}.Debug|Any CPU.Build.0 = Debug|Any CPU
		{4CFFA156-7992-4D21-ABDC-056C31F2AA51}.Release|Any CPU.ActiveCfg = Release|Any CPU
		{4CFFA156-7992-4D21-ABDC-056C31F2AA51}.Release|Any CPU.Build.0 = Release|Any CPU
		{4CFFA156-7992-4D21-ABDC-056C31F2AA51}.Remote WS Test|Any CPU.ActiveCfg = Remote WS Test|Any CPU
		{4CFFA156-7992-4D21-ABDC-056C31F2AA51}.Web Debug|Any CPU.ActiveCfg = Web Debug|Any CPU
		{4CFFA156-7992-4D21-ABDC-056C31F2AA51}.Web Debug|Any CPU.Build.0 = Web Debug|Any CPU
		{4CFFA156-7992-4D21-ABDC-056C31F2AA51}.WS Test|Any CPU.ActiveCfg = WS Test|Any CPU
		{4CFFA156-7992-4D21-ABDC-056C31F2AA51}.WS Test|Any CPU.Build.0 = WS Test|Any CPU
		{352BB670-458F-41CC-BFA1-FCE10C91E502}.App Debug|Any CPU.ActiveCfg = App Debug|Any CPU
		{352BB670-458F-41CC-BFA1-FCE10C91E502}.App Debug|Any CPU.Build.0 = App Debug|Any CPU
		{352BB670-458F-41CC-BFA1-FCE10C91E502}.AutCOBIS Release|Any CPU.ActiveCfg = Release|Any CPU
		{352BB670-458F-41CC-BFA1-FCE10C91E502}.AutCOBIS Release|Any CPU.Build.0 = Release|Any CPU
		{352BB670-458F-41CC-BFA1-FCE10C91E502}.DbgAutCOBIS|Any CPU.ActiveCfg = Debug|Any CPU
		{352BB670-458F-41CC-BFA1-FCE10C91E502}.DbgAutCOBIS|Any CPU.Build.0 = Debug|Any CPU
		{352BB670-458F-41CC-BFA1-FCE10C91E502}.Debug|Any CPU.ActiveCfg = Debug|Any CPU
		{352BB670-458F-41CC-BFA1-FCE10C91E502}.Debug|Any CPU.Build.0 = Debug|Any CPU
		{352BB670-458F-41CC-BFA1-FCE10C91E502}.Release|Any CPU.ActiveCfg = Release|Any CPU
		{352BB670-458F-41CC-BFA1-FCE10C91E502}.Release|Any CPU.Build.0 = Release|Any CPU
		{352BB670-458F-41CC-BFA1-FCE10C91E502}.Remote WS Test|Any CPU.ActiveCfg = Remote WS Test|Any CPU
		{352BB670-458F-41CC-BFA1-FCE10C91E502}.Web Debug|Any CPU.ActiveCfg = Web Debug|Any CPU
		{352BB670-458F-41CC-BFA1-FCE10C91E502}.Web Debug|Any CPU.Build.0 = Web Debug|Any CPU
		{352BB670-458F-41CC-BFA1-FCE10C91E502}.WS Test|Any CPU.ActiveCfg = Web Debug|Any CPU
		{352BB670-458F-41CC-BFA1-FCE10C91E502}.WS Test|Any CPU.Build.0 = Web Debug|Any CPU
		{515C8382-4032-4840-A587-9725F9F6FD19}.App Debug|Any CPU.ActiveCfg = App Debug|Any CPU
		{515C8382-4032-4840-A587-9725F9F6FD19}.App Debug|Any CPU.Build.0 = App Debug|Any CPU
		{515C8382-4032-4840-A587-9725F9F6FD19}.AutCOBIS Release|Any CPU.ActiveCfg = AutCOBIS Release|Any CPU
		{515C8382-4032-4840-A587-9725F9F6FD19}.AutCOBIS Release|Any CPU.Build.0 = AutCOBIS Release|Any CPU
		{515C8382-4032-4840-A587-9725F9F6FD19}.DbgAutCOBIS|Any CPU.ActiveCfg = DbgAutCOBIS|Any CPU
		{515C8382-4032-4840-A587-9725F9F6FD19}.DbgAutCOBIS|Any CPU.Build.0 = DbgAutCOBIS|Any CPU
		{515C8382-4032-4840-A587-9725F9F6FD19}.Debug|Any CPU.ActiveCfg = Debug|Any CPU
		{515C8382-4032-4840-A587-9725F9F6FD19}.Debug|Any CPU.Build.0 = Debug|Any CPU
		{515C8382-4032-4840-A587-9725F9F6FD19}.Release|Any CPU.ActiveCfg = Release|Any CPU
		{515C8382-4032-4840-A587-9725F9F6FD19}.Release|Any CPU.Build.0 = Release|Any CPU
		{515C8382-4032-4840-A587-9725F9F6FD19}.Remote WS Test|Any CPU.ActiveCfg = Remote WS Test|Any CPU
		{515C8382-4032-4840-A587-9725F9F6FD19}.Web Debug|Any CPU.ActiveCfg = Web Debug|Any CPU
		{515C8382-4032-4840-A587-9725F9F6FD19}.Web Debug|Any CPU.Build.0 = Web Debug|Any CPU
		{515C8382-4032-4840-A587-9725F9F6FD19}.WS Test|Any CPU.ActiveCfg = WS Test|Any CPU
		{515C8382-4032-4840-A587-9725F9F6FD19}.WS Test|Any CPU.Build.0 = WS Test|Any CPU
		{3744DE9E-912E-4A88-8897-73FFF9C8DD48}.App Debug|Any CPU.ActiveCfg = Debug|Any CPU
		{3744DE9E-912E-4A88-8897-73FFF9C8DD48}.App Debug|Any CPU.Build.0 = Debug|Any CPU
		{3744DE9E-912E-4A88-8897-73FFF9C8DD48}.AutCOBIS Release|Any CPU.ActiveCfg = AutCOBIS Release|Any CPU
		{3744DE9E-912E-4A88-8897-73FFF9C8DD48}.AutCOBIS Release|Any CPU.Build.0 = AutCOBIS Release|Any CPU
		{3744DE9E-912E-4A88-8897-73FFF9C8DD48}.DbgAutCOBIS|Any CPU.ActiveCfg = DbgAutCOBIS|Any CPU
		{3744DE9E-912E-4A88-8897-73FFF9C8DD48}.DbgAutCOBIS|Any CPU.Build.0 = DbgAutCOBIS|Any CPU
		{3744DE9E-912E-4A88-8897-73FFF9C8DD48}.Debug|Any CPU.ActiveCfg = Debug|Any CPU
		{3744DE9E-912E-4A88-8897-73FFF9C8DD48}.Debug|Any CPU.Build.0 = Debug|Any CPU
		{3744DE9E-912E-4A88-8897-73FFF9C8DD48}.Release|Any CPU.ActiveCfg = Release|Any CPU
		{3744DE9E-912E-4A88-8897-73FFF9C8DD48}.Release|Any CPU.Build.0 = Release|Any CPU
		{3744DE9E-912E-4A88-8897-73FFF9C8DD48}.Remote WS Test|Any CPU.ActiveCfg = Remote WS Test|Any CPU
		{3744DE9E-912E-4A88-8897-73FFF9C8DD48}.Remote WS Test|Any CPU.Build.0 = Remote WS Test|Any CPU
		{3744DE9E-912E-4A88-8897-73FFF9C8DD48}.Web Debug|Any CPU.ActiveCfg = Debug|Any CPU
		{3744DE9E-912E-4A88-8897-73FFF9C8DD48}.Web Debug|Any CPU.Build.0 = Debug|Any CPU
		{3744DE9E-912E-4A88-8897-73FFF9C8DD48}.WS Test|Any CPU.ActiveCfg = WS Test|Any CPU
		{3744DE9E-912E-4A88-8897-73FFF9C8DD48}.WS Test|Any CPU.Build.0 = WS Test|Any CPU
		{66EAFA01-8DD4-4B02-8BB3-716A216844C4}.App Debug|Any CPU.ActiveCfg = Debug|Any CPU
		{66EAFA01-8DD4-4B02-8BB3-716A216844C4}.App Debug|Any CPU.Build.0 = Debug|Any CPU
		{66EAFA01-8DD4-4B02-8BB3-716A216844C4}.AutCOBIS Release|Any CPU.ActiveCfg = AutCOBIS Release|Any CPU
		{66EAFA01-8DD4-4B02-8BB3-716A216844C4}.AutCOBIS Release|Any CPU.Build.0 = AutCOBIS Release|Any CPU
		{66EAFA01-8DD4-4B02-8BB3-716A216844C4}.DbgAutCOBIS|Any CPU.ActiveCfg = DbgAutCOBIS|Any CPU
		{66EAFA01-8DD4-4B02-8BB3-716A216844C4}.DbgAutCOBIS|Any CPU.Build.0 = DbgAutCOBIS|Any CPU
		{66EAFA01-8DD4-4B02-8BB3-716A216844C4}.Debug|Any CPU.ActiveCfg = Debug|Any CPU
		{66EAFA01-8DD4-4B02-8BB3-716A216844C4}.Debug|Any CPU.Build.0 = Debug|Any CPU
		{66EAFA01-8DD4-4B02-8BB3-716A216844C4}.Release|Any CPU.ActiveCfg = Release|Any CPU
		{66EAFA01-8DD4-4B02-8BB3-716A216844C4}.Release|Any CPU.Build.0 = Release|Any CPU
		{66EAFA01-8DD4-4B02-8BB3-716A216844C4}.Remote WS Test|Any CPU.ActiveCfg = Remote WS Test|Any CPU
		{66EAFA01-8DD4-4B02-8BB3-716A216844C4}.Remote WS Test|Any CPU.Build.0 = Remote WS Test|Any CPU
		{66EAFA01-8DD4-4B02-8BB3-716A216844C4}.Web Debug|Any CPU.ActiveCfg = Debug|Any CPU
		{66EAFA01-8DD4-4B02-8BB3-716A216844C4}.Web Debug|Any CPU.Build.0 = Debug|Any CPU
		{66EAFA01-8DD4-4B02-8BB3-716A216844C4}.WS Test|Any CPU.ActiveCfg = WS Test|Any CPU
		{66EAFA01-8DD4-4B02-8BB3-716A216844C4}.WS Test|Any CPU.Build.0 = WS Test|Any CPU
		{C9E3767E-ADE2-4B50-AED1-47FC226CD539}.App Debug|Any CPU.ActiveCfg = Debug|Any CPU
		{C9E3767E-ADE2-4B50-AED1-47FC226CD539}.App Debug|Any CPU.Build.0 = Debug|Any CPU
		{C9E3767E-ADE2-4B50-AED1-47FC226CD539}.AutCOBIS Release|Any CPU.ActiveCfg = AutCOBIS Release|Any CPU
		{C9E3767E-ADE2-4B50-AED1-47FC226CD539}.AutCOBIS Release|Any CPU.Build.0 = AutCOBIS Release|Any CPU
		{C9E3767E-ADE2-4B50-AED1-47FC226CD539}.DbgAutCOBIS|Any CPU.ActiveCfg = DbgAutCOBIS|Any CPU
		{C9E3767E-ADE2-4B50-AED1-47FC226CD539}.DbgAutCOBIS|Any CPU.Build.0 = DbgAutCOBIS|Any CPU
		{C9E3767E-ADE2-4B50-AED1-47FC226CD539}.Debug|Any CPU.ActiveCfg = Debug|Any CPU
		{C9E3767E-ADE2-4B50-AED1-47FC226CD539}.Debug|Any CPU.Build.0 = Debug|Any CPU
		{C9E3767E-ADE2-4B50-AED1-47FC226CD539}.Release|Any CPU.ActiveCfg = Release|Any CPU
		{C9E3767E-ADE2-4B50-AED1-47FC226CD539}.Release|Any CPU.Build.0 = Release|Any CPU
		{C9E3767E-ADE2-4B50-AED1-47FC226CD539}.Remote WS Test|Any CPU.ActiveCfg = Remote WS Test|Any CPU
		{C9E3767E-ADE2-4B50-AED1-47FC226CD539}.Remote WS Test|Any CPU.Build.0 = Remote WS Test|Any CPU
		{C9E3767E-ADE2-4B50-AED1-47FC226CD539}.Web Debug|Any CPU.ActiveCfg = Debug|Any CPU
		{C9E3767E-ADE2-4B50-AED1-47FC226CD539}.Web Debug|Any CPU.Build.0 = Debug|Any CPU
		{C9E3767E-ADE2-4B50-AED1-47FC226CD539}.WS Test|Any CPU.ActiveCfg = WS Test|Any CPU
		{C9E3767E-ADE2-4B50-AED1-47FC226CD539}.WS Test|Any CPU.Build.0 = WS Test|Any CPU
		{B3B9B7E1-EAF0-4AD4-9C99-BC0CF980840F}.App Debug|Any CPU.ActiveCfg = Debug|Any CPU
		{B3B9B7E1-EAF0-4AD4-9C99-BC0CF980840F}.App Debug|Any CPU.Build.0 = Debug|Any CPU
		{B3B9B7E1-EAF0-4AD4-9C99-BC0CF980840F}.AutCOBIS Release|Any CPU.ActiveCfg = AutCOBIS Release|Any CPU
		{B3B9B7E1-EAF0-4AD4-9C99-BC0CF980840F}.AutCOBIS Release|Any CPU.Build.0 = AutCOBIS Release|Any CPU
		{B3B9B7E1-EAF0-4AD4-9C99-BC0CF980840F}.DbgAutCOBIS|Any CPU.ActiveCfg = DbgAutCOBIS|Any CPU
		{B3B9B7E1-EAF0-4AD4-9C99-BC0CF980840F}.DbgAutCOBIS|Any CPU.Build.0 = DbgAutCOBIS|Any CPU
		{B3B9B7E1-EAF0-4AD4-9C99-BC0CF980840F}.Debug|Any CPU.ActiveCfg = Debug|Any CPU
		{B3B9B7E1-EAF0-4AD4-9C99-BC0CF980840F}.Debug|Any CPU.Build.0 = Debug|Any CPU
		{B3B9B7E1-EAF0-4AD4-9C99-BC0CF980840F}.Release|Any CPU.ActiveCfg = Release|Any CPU
		{B3B9B7E1-EAF0-4AD4-9C99-BC0CF980840F}.Release|Any CPU.Build.0 = Release|Any CPU
		{B3B9B7E1-EAF0-4AD4-9C99-BC0CF980840F}.Remote WS Test|Any CPU.ActiveCfg = Remote WS Test|Any CPU
		{B3B9B7E1-EAF0-4AD4-9C99-BC0CF980840F}.Remote WS Test|Any CPU.Build.0 = Remote WS Test|Any CPU
		{B3B9B7E1-EAF0-4AD4-9C99-BC0CF980840F}.Web Debug|Any CPU.ActiveCfg = Debug|Any CPU
		{B3B9B7E1-EAF0-4AD4-9C99-BC0CF980840F}.Web Debug|Any CPU.Build.0 = Debug|Any CPU
		{B3B9B7E1-EAF0-4AD4-9C99-BC0CF980840F}.WS Test|Any CPU.ActiveCfg = WS Test|Any CPU
		{B3B9B7E1-EAF0-4AD4-9C99-BC0CF980840F}.WS Test|Any CPU.Build.0 = WS Test|Any CPU
		{0404619A-D715-4BDC-BA21-64A7C52AEC55}.App Debug|Any CPU.ActiveCfg = Debug|Any CPU
		{0404619A-D715-4BDC-BA21-64A7C52AEC55}.App Debug|Any CPU.Build.0 = Debug|Any CPU
		{0404619A-D715-4BDC-BA21-64A7C52AEC55}.AutCOBIS Release|Any CPU.ActiveCfg = Release|Any CPU
		{0404619A-D715-4BDC-BA21-64A7C52AEC55}.AutCOBIS Release|Any CPU.Build.0 = Release|Any CPU
		{0404619A-D715-4BDC-BA21-64A7C52AEC55}.DbgAutCOBIS|Any CPU.ActiveCfg = Debug|Any CPU
		{0404619A-D715-4BDC-BA21-64A7C52AEC55}.DbgAutCOBIS|Any CPU.Build.0 = Debug|Any CPU
		{0404619A-D715-4BDC-BA21-64A7C52AEC55}.Debug|Any CPU.ActiveCfg = Debug|Any CPU
		{0404619A-D715-4BDC-BA21-64A7C52AEC55}.Debug|Any CPU.Build.0 = Debug|Any CPU
		{0404619A-D715-4BDC-BA21-64A7C52AEC55}.Release|Any CPU.ActiveCfg = Release|Any CPU
		{0404619A-D715-4BDC-BA21-64A7C52AEC55}.Release|Any CPU.Build.0 = Release|Any CPU
		{0404619A-D715-4BDC-BA21-64A7C52AEC55}.Remote WS Test|Any CPU.ActiveCfg = Remote WS Test|Any CPU
		{0404619A-D715-4BDC-BA21-64A7C52AEC55}.Remote WS Test|Any CPU.Build.0 = Remote WS Test|Any CPU
		{0404619A-D715-4BDC-BA21-64A7C52AEC55}.Web Debug|Any CPU.ActiveCfg = Debug|Any CPU
		{0404619A-D715-4BDC-BA21-64A7C52AEC55}.Web Debug|Any CPU.Build.0 = Debug|Any CPU
		{0404619A-D715-4BDC-BA21-64A7C52AEC55}.WS Test|Any CPU.ActiveCfg = TestWS Debug|Any CPU
		{0404619A-D715-4BDC-BA21-64A7C52AEC55}.WS Test|Any CPU.Build.0 = TestWS Debug|Any CPU
		{031D3AB6-F5E1-442A-A385-E21579757AAC}.App Debug|Any CPU.ActiveCfg = Debug|Any CPU
		{031D3AB6-F5E1-442A-A385-E21579757AAC}.App Debug|Any CPU.Build.0 = Debug|Any CPU
		{031D3AB6-F5E1-442A-A385-E21579757AAC}.AutCOBIS Release|Any CPU.ActiveCfg = Debug|Any CPU
		{031D3AB6-F5E1-442A-A385-E21579757AAC}.AutCOBIS Release|Any CPU.Build.0 = Debug|Any CPU
		{031D3AB6-F5E1-442A-A385-E21579757AAC}.DbgAutCOBIS|Any CPU.ActiveCfg = Debug|Any CPU
		{031D3AB6-F5E1-442A-A385-E21579757AAC}.DbgAutCOBIS|Any CPU.Build.0 = Debug|Any CPU
		{031D3AB6-F5E1-442A-A385-E21579757AAC}.Debug|Any CPU.ActiveCfg = Debug|Any CPU
		{031D3AB6-F5E1-442A-A385-E21579757AAC}.Debug|Any CPU.Build.0 = Debug|Any CPU
		{031D3AB6-F5E1-442A-A385-E21579757AAC}.Release|Any CPU.ActiveCfg = Debug|Any CPU
		{031D3AB6-F5E1-442A-A385-E21579757AAC}.Release|Any CPU.Build.0 = Debug|Any CPU
		{031D3AB6-F5E1-442A-A385-E21579757AAC}.Remote WS Test|Any CPU.ActiveCfg = Debug|Any CPU
		{031D3AB6-F5E1-442A-A385-E21579757AAC}.Web Debug|Any CPU.ActiveCfg = Debug|Any CPU
		{031D3AB6-F5E1-442A-A385-E21579757AAC}.Web Debug|Any CPU.Build.0 = Debug|Any CPU
		{031D3AB6-F5E1-442A-A385-E21579757AAC}.WS Test|Any CPU.ActiveCfg = Debug|Any CPU
		{031D3AB6-F5E1-442A-A385-E21579757AAC}.WS Test|Any CPU.Build.0 = Debug|Any CPU
		{275FE192-FEE1-42E0-9828-D057C42469FA}.App Debug|Any CPU.ActiveCfg = Debug|Any CPU
		{275FE192-FEE1-42E0-9828-D057C42469FA}.App Debug|Any CPU.Build.0 = Debug|Any CPU
		{275FE192-FEE1-42E0-9828-D057C42469FA}.AutCOBIS Release|Any CPU.ActiveCfg = Debug|Any CPU
		{275FE192-FEE1-42E0-9828-D057C42469FA}.AutCOBIS Release|Any CPU.Build.0 = Debug|Any CPU
		{275FE192-FEE1-42E0-9828-D057C42469FA}.DbgAutCOBIS|Any CPU.ActiveCfg = Debug|Any CPU
		{275FE192-FEE1-42E0-9828-D057C42469FA}.DbgAutCOBIS|Any CPU.Build.0 = Debug|Any CPU
		{275FE192-FEE1-42E0-9828-D057C42469FA}.Debug|Any CPU.ActiveCfg = Debug|Any CPU
		{275FE192-FEE1-42E0-9828-D057C42469FA}.Debug|Any CPU.Build.0 = Debug|Any CPU
		{275FE192-FEE1-42E0-9828-D057C42469FA}.Release|Any CPU.ActiveCfg = Debug|Any CPU
		{275FE192-FEE1-42E0-9828-D057C42469FA}.Release|Any CPU.Build.0 = Debug|Any CPU
		{275FE192-FEE1-42E0-9828-D057C42469FA}.Remote WS Test|Any CPU.ActiveCfg = Debug|Any CPU
		{275FE192-FEE1-42E0-9828-D057C42469FA}.Remote WS Test|Any CPU.Build.0 = Debug|Any CPU
		{275FE192-FEE1-42E0-9828-D057C42469FA}.Web Debug|Any CPU.ActiveCfg = Debug|Any CPU
		{275FE192-FEE1-42E0-9828-D057C42469FA}.Web Debug|Any CPU.Build.0 = Debug|Any CPU
		{275FE192-FEE1-42E0-9828-D057C42469FA}.WS Test|Any CPU.ActiveCfg = Debug|Any CPU
		{275FE192-FEE1-42E0-9828-D057C42469FA}.WS Test|Any CPU.Build.0 = Debug|Any CPU
		{455F6356-D8AC-430E-BD72-B361C762846B}.App Debug|Any CPU.ActiveCfg = Debug|Any CPU
		{455F6356-D8AC-430E-BD72-B361C762846B}.App Debug|Any CPU.Build.0 = Debug|Any CPU
		{455F6356-D8AC-430E-BD72-B361C762846B}.AutCOBIS Release|Any CPU.ActiveCfg = Debug|Any CPU
		{455F6356-D8AC-430E-BD72-B361C762846B}.AutCOBIS Release|Any CPU.Build.0 = Debug|Any CPU
		{455F6356-D8AC-430E-BD72-B361C762846B}.DbgAutCOBIS|Any CPU.ActiveCfg = Debug|Any CPU
		{455F6356-D8AC-430E-BD72-B361C762846B}.DbgAutCOBIS|Any CPU.Build.0 = Debug|Any CPU
		{455F6356-D8AC-430E-BD72-B361C762846B}.Debug|Any CPU.ActiveCfg = Debug|Any CPU
		{455F6356-D8AC-430E-BD72-B361C762846B}.Debug|Any CPU.Build.0 = Debug|Any CPU
		{455F6356-D8AC-430E-BD72-B361C762846B}.Release|Any CPU.ActiveCfg = Debug|Any CPU
		{455F6356-D8AC-430E-BD72-B361C762846B}.Release|Any CPU.Build.0 = Debug|Any CPU
		{455F6356-D8AC-430E-BD72-B361C762846B}.Remote WS Test|Any CPU.ActiveCfg = Debug|Any CPU
		{455F6356-D8AC-430E-BD72-B361C762846B}.Remote WS Test|Any CPU.Build.0 = Debug|Any CPU
		{455F6356-D8AC-430E-BD72-B361C762846B}.Web Debug|Any CPU.ActiveCfg = Debug|Any CPU
		{455F6356-D8AC-430E-BD72-B361C762846B}.Web Debug|Any CPU.Build.0 = Debug|Any CPU
		{455F6356-D8AC-430E-BD72-B361C762846B}.WS Test|Any CPU.ActiveCfg = Debug|Any CPU
		{455F6356-D8AC-430E-BD72-B361C762846B}.WS Test|Any CPU.Build.0 = Debug|Any CPU
		{17E9CA5F-D855-493D-97ED-00CA4B6A2331}.App Debug|Any CPU.ActiveCfg = Debug|Any CPU
		{17E9CA5F-D855-493D-97ED-00CA4B6A2331}.App Debug|Any CPU.Build.0 = Debug|Any CPU
		{17E9CA5F-D855-493D-97ED-00CA4B6A2331}.AutCOBIS Release|Any CPU.ActiveCfg = Debug|Any CPU
		{17E9CA5F-D855-493D-97ED-00CA4B6A2331}.AutCOBIS Release|Any CPU.Build.0 = Debug|Any CPU
		{17E9CA5F-D855-493D-97ED-00CA4B6A2331}.DbgAutCOBIS|Any CPU.ActiveCfg = Debug|Any CPU
		{17E9CA5F-D855-493D-97ED-00CA4B6A2331}.DbgAutCOBIS|Any CPU.Build.0 = Debug|Any CPU
		{17E9CA5F-D855-493D-97ED-00CA4B6A2331}.Debug|Any CPU.ActiveCfg = Debug|Any CPU
		{17E9CA5F-D855-493D-97ED-00CA4B6A2331}.Debug|Any CPU.Build.0 = Debug|Any CPU
		{17E9CA5F-D855-493D-97ED-00CA4B6A2331}.Release|Any CPU.ActiveCfg = Debug|Any CPU
		{17E9CA5F-D855-493D-97ED-00CA4B6A2331}.Release|Any CPU.Build.0 = Debug|Any CPU
		{17E9CA5F-D855-493D-97ED-00CA4B6A2331}.Remote WS Test|Any CPU.ActiveCfg = Debug|Any CPU
		{17E9CA5F-D855-493D-97ED-00CA4B6A2331}.Web Debug|Any CPU.ActiveCfg = Debug|Any CPU
		{17E9CA5F-D855-493D-97ED-00CA4B6A2331}.Web Debug|Any CPU.Build.0 = Debug|Any CPU
		{17E9CA5F-D855-493D-97ED-00CA4B6A2331}.WS Test|Any CPU.ActiveCfg = Debug|Any CPU
		{17E9CA5F-D855-493D-97ED-00CA4B6A2331}.WS Test|Any CPU.Build.0 = Debug|Any CPU
		{32E46A22-43D0-4154-B695-945564855500}.App Debug|Any CPU.ActiveCfg = Debug
		{32E46A22-43D0-4154-B695-945564855500}.App Debug|Any CPU.Build.0 = Debug
		{32E46A22-43D0-4154-B695-945564855500}.AutCOBIS Release|Any CPU.ActiveCfg = AutCOBIS Release
		{32E46A22-43D0-4154-B695-945564855500}.AutCOBIS Release|Any CPU.Build.0 = AutCOBIS Release
		{32E46A22-43D0-4154-B695-945564855500}.DbgAutCOBIS|Any CPU.ActiveCfg = DbgAutCOBIS
		{32E46A22-43D0-4154-B695-945564855500}.DbgAutCOBIS|Any CPU.Build.0 = DbgAutCOBIS
		{32E46A22-43D0-4154-B695-945564855500}.Debug|Any CPU.ActiveCfg = Debug
		{32E46A22-43D0-4154-B695-945564855500}.Debug|Any CPU.Build.0 = Debug
		{32E46A22-43D0-4154-B695-945564855500}.Release|Any CPU.ActiveCfg = Release
		{32E46A22-43D0-4154-B695-945564855500}.Release|Any CPU.Build.0 = Release
		{32E46A22-43D0-4154-B695-945564855500}.Remote WS Test|Any CPU.ActiveCfg = Remote WS Test
		{32E46A22-43D0-4154-B695-945564855500}.Web Debug|Any CPU.ActiveCfg = Debug
		{32E46A22-43D0-4154-B695-945564855500}.Web Debug|Any CPU.Build.0 = Debug
		{32E46A22-43D0-4154-B695-945564855500}.WS Test|Any CPU.ActiveCfg = WS Test
		{32E46A22-43D0-4154-B695-945564855500}.WS Test|Any CPU.Build.0 = WS Test
		{48FE55B4-5F8F-42C5-9BED-A2473681B8B4}.App Debug|Any CPU.ActiveCfg = App Debug|Any CPU
		{48FE55B4-5F8F-42C5-9BED-A2473681B8B4}.App Debug|Any CPU.Build.0 = App Debug|Any CPU
		{48FE55B4-5F8F-42C5-9BED-A2473681B8B4}.AutCOBIS Release|Any CPU.ActiveCfg = AutCOBIS Release|Any CPU
		{48FE55B4-5F8F-42C5-9BED-A2473681B8B4}.AutCOBIS Release|Any CPU.Build.0 = AutCOBIS Release|Any CPU
		{48FE55B4-5F8F-42C5-9BED-A2473681B8B4}.DbgAutCOBIS|Any CPU.ActiveCfg = DbgAutCOBIS|Any CPU
		{48FE55B4-5F8F-42C5-9BED-A2473681B8B4}.DbgAutCOBIS|Any CPU.Build.0 = DbgAutCOBIS|Any CPU
		{48FE55B4-5F8F-42C5-9BED-A2473681B8B4}.Debug|Any CPU.ActiveCfg = Debug|Any CPU
		{48FE55B4-5F8F-42C5-9BED-A2473681B8B4}.Debug|Any CPU.Build.0 = Debug|Any CPU
		{48FE55B4-5F8F-42C5-9BED-A2473681B8B4}.Release|Any CPU.ActiveCfg = Release|Any CPU
		{48FE55B4-5F8F-42C5-9BED-A2473681B8B4}.Release|Any CPU.Build.0 = Release|Any CPU
		{48FE55B4-5F8F-42C5-9BED-A2473681B8B4}.Remote WS Test|Any CPU.ActiveCfg = Remote WS Test|Any CPU
		{48FE55B4-5F8F-42C5-9BED-A2473681B8B4}.Web Debug|Any CPU.ActiveCfg = Web Debug|Any CPU
		{48FE55B4-5F8F-42C5-9BED-A2473681B8B4}.Web Debug|Any CPU.Build.0 = Web Debug|Any CPU
		{48FE55B4-5F8F-42C5-9BED-A2473681B8B4}.WS Test|Any CPU.ActiveCfg = WS Test|Any CPU
		{48FE55B4-5F8F-42C5-9BED-A2473681B8B4}.WS Test|Any CPU.Build.0 = WS Test|Any CPU
	EndGlobalSection
	GlobalSection(SolutionProperties) = preSolution
		HideSolutionNode = FALSE
	EndGlobalSection
	GlobalSection(NestedProjects) = preSolution
		{031D3AB6-F5E1-442A-A385-E21579757AAC} = {379FA69B-6AF9-42A3-9B62-5759C915798D}
		{275FE192-FEE1-42E0-9828-D057C42469FA} = {379FA69B-6AF9-42A3-9B62-5759C915798D}
		{455F6356-D8AC-430E-BD72-B361C762846B} = {379FA69B-6AF9-42A3-9B62-5759C915798D}
		{17E9CA5F-D855-493D-97ED-00CA4B6A2331} = {379FA69B-6AF9-42A3-9B62-5759C915798D}
		{32E46A22-43D0-4154-B695-945564855500} = {2211250C-B49C-4EE6-9E0C-B78A6CF40830}
	EndGlobalSection
EndGlobal
